
Microsoft Visual Studio Solution File, Format Version 12.00
# Visual Studio Version 17
VisualStudioVersion = 17.8.34316.72
MinimumVisualStudioVersion = 10.0.40219.1
Project("{FAE04EC0-301F-11D3-BF4B-00C04F79EFBC}") = "TechnicalSupportBot", "TechnicalSupportBot\TechnicalSupportBot.csproj", "{A67DEAA2-5459-4140-895B-B58682C422C2}"
EndProject
Project("{FAE04EC0-301F-11D3-BF4B-00C04F79EFBC}") = "Domain", "Domain\Domain.csproj", "{C2B49FBD-DDB1-44A8-B1DF-AB3C38EEDDBF}"
EndProject
Project("{FAE04EC0-301F-11D3-BF4B-00C04F79EFBC}") = "EF", "EF\EF.csproj", "{A007924B-71C7-4CEC-AA16-BC15DB864B6E}"
EndProject
Project("{FAE04EC0-301F-11D3-BF4B-00C04F79EFBC}") = "Infrastructure", "Infrastructure\Infrastructure.csproj", "{72EAC131-238D-4271-9337-2B09ECBBD858}"
EndProject
Global
	GlobalSection(SolutionConfigurationPlatforms) = preSolution
		Debug|Any CPU = Debug|Any CPU
		Release|Any CPU = Release|Any CPU
	EndGlobalSection
	GlobalSection(ProjectConfigurationPlatforms) = postSolution
		{A67DEAA2-5459-4140-895B-B58682C422C2}.Debug|Any CPU.ActiveCfg = Debug|Any CPU
		{A67DEAA2-5459-4140-895B-B58682C422C2}.Debug|Any CPU.Build.0 = Debug|Any CPU
		{A67DEAA2-5459-4140-895B-B58682C422C2}.Release|Any CPU.ActiveCfg = Release|Any CPU
		{A67DEAA2-5459-4140-895B-B58682C422C2}.Release|Any CPU.Build.0 = Release|Any CPU
		{C2B49FBD-DDB1-44A8-B1DF-AB3C38EEDDBF}.Debug|Any CPU.ActiveCfg = Debug|Any CPU
		{C2B49FBD-DDB1-44A8-B1DF-AB3C38EEDDBF}.Debug|Any CPU.Build.0 = Debug|Any CPU
		{C2B49FBD-DDB1-44A8-B1DF-AB3C38EEDDBF}.Release|Any CPU.ActiveCfg = Release|Any CPU
		{C2B49FBD-DDB1-44A8-B1DF-AB3C38EEDDBF}.Release|Any CPU.Build.0 = Release|Any CPU
		{A007924B-71C7-4CEC-AA16-BC15DB864B6E}.Debug|Any CPU.ActiveCfg = Debug|Any CPU
		{A007924B-71C7-4CEC-AA16-BC15DB864B6E}.Debug|Any CPU.Build.0 = Debug|Any CPU
		{A007924B-71C7-4CEC-AA16-BC15DB864B6E}.Release|Any CPU.ActiveCfg = Release|Any CPU
		{A007924B-71C7-4CEC-AA16-BC15DB864B6E}.Release|Any CPU.Build.0 = Release|Any CPU
		{72EAC131-238D-4271-9337-2B09ECBBD858}.Debug|Any CPU.ActiveCfg = Debug|Any CPU
		{72EAC131-238D-4271-9337-2B09ECBBD858}.Debug|Any CPU.Build.0 = Debug|Any CPU
		{72EAC131-238D-4271-9337-2B09ECBBD858}.Release|Any CPU.ActiveCfg = Release|Any CPU
		{72EAC131-238D-4271-9337-2B09ECBBD858}.Release|Any CPU.Build.0 = Release|Any CPU
	EndGlobalSection
	GlobalSection(SolutionProperties) = preSolution
		HideSolutionNode = FALSE
	EndGlobalSection
	GlobalSection(ExtensibilityGlobals) = postSolution
		SolutionGuid = {C504F731-7CFD-458B-924D-8F0FE76EC233}
	EndGlobalSection
EndGlobal
